// !$*UTF8*$!
{
	archiveVersion = 1;
	classes = {
	};
	objectVersion = 56;
	objects = {

/* Begin PBXBuildFile section */
		6B094E1A2A6DA7ED00873E68 /* BrandModel.swift in Sources */ = {isa = PBXBuildFile; fileRef = 6B094E192A6DA7ED00873E68 /* BrandModel.swift */; };
		6B094E1C2A6DA90500873E68 /* BrandItemView.swift in Sources */ = {isa = PBXBuildFile; fileRef = 6B094E1B2A6DA90500873E68 /* BrandItemView.swift */; };
		6B5F83892A686A1500AC1368 /* TitleView.swift in Sources */ = {isa = PBXBuildFile; fileRef = 6B5F83882A686A1500AC1368 /* TitleView.swift */; };
		6B5F838B2A686F5A00AC1368 /* ProductModel.swift in Sources */ = {isa = PBXBuildFile; fileRef = 6B5F838A2A686F5900AC1368 /* ProductModel.swift */; };
		6B5F838D2A6870BF00AC1368 /* ProductItemView.swift in Sources */ = {isa = PBXBuildFile; fileRef = 6B5F838C2A6870BF00AC1368 /* ProductItemView.swift */; };
		6B8226972A68419A00AABB01 /* CategoryModel.swift in Sources */ = {isa = PBXBuildFile; fileRef = 6B8226962A68419A00AABB01 /* CategoryModel.swift */; };
		6B8226992A68447600AABB01 /* CategoryItemView.swift in Sources */ = {isa = PBXBuildFile; fileRef = 6B8226982A68447600AABB01 /* CategoryItemView.swift */; };
		6B82269B2A68496A00AABB01 /* CategoryGridView.swift in Sources */ = {isa = PBXBuildFile; fileRef = 6B82269A2A68496A00AABB01 /* CategoryGridView.swift */; };
		6B82269D2A684FBB00AABB01 /* SectionView.swift in Sources */ = {isa = PBXBuildFile; fileRef = 6B82269C2A684FBB00AABB01 /* SectionView.swift */; };
		6BE557B42A66E72C00F4F143 /* TouchdownApp.swift in Sources */ = {isa = PBXBuildFile; fileRef = 6BE557B32A66E72C00F4F143 /* TouchdownApp.swift */; };
		6BE557B62A66E72C00F4F143 /* ContentView.swift in Sources */ = {isa = PBXBuildFile; fileRef = 6BE557B52A66E72C00F4F143 /* ContentView.swift */; };
		6BE557B82A66E72D00F4F143 /* Assets.xcassets in Resources */ = {isa = PBXBuildFile; fileRef = 6BE557B72A66E72D00F4F143 /* Assets.xcassets */; };
		6BE557BB2A66E72D00F4F143 /* Preview Assets.xcassets in Resources */ = {isa = PBXBuildFile; fileRef = 6BE557BA2A66E72D00F4F143 /* Preview Assets.xcassets */; };
		6BE557CD2A66E8C800F4F143 /* category.json in Resources */ = {isa = PBXBuildFile; fileRef = 6BE557C92A66E8C800F4F143 /* category.json */; };
		6BE557CE2A66E8C800F4F143 /* product.json in Resources */ = {isa = PBXBuildFile; fileRef = 6BE557CA2A66E8C800F4F143 /* product.json */; };
		6BE557CF2A66E8C800F4F143 /* brand.json in Resources */ = {isa = PBXBuildFile; fileRef = 6BE557CB2A66E8C800F4F143 /* brand.json */; };
		6BE557D02A66E8C800F4F143 /* player.json in Resources */ = {isa = PBXBuildFile; fileRef = 6BE557CC2A66E8C800F4F143 /* player.json */; };
		6BE557DB2A66ED0200F4F143 /* Constant.swift in Sources */ = {isa = PBXBuildFile; fileRef = 6BE557DA2A66ED0200F4F143 /* Constant.swift */; };
		6BE557DD2A66EEE000F4F143 /* FooterView.swift in Sources */ = {isa = PBXBuildFile; fileRef = 6BE557DC2A66EEE000F4F143 /* FooterView.swift */; };
		6BE557DF2A66F6A100F4F143 /* NavigationBarView.swift in Sources */ = {isa = PBXBuildFile; fileRef = 6BE557DE2A66F6A100F4F143 /* NavigationBarView.swift */; };
		6BE557E12A66F98500F4F143 /* LogoView.swift in Sources */ = {isa = PBXBuildFile; fileRef = 6BE557E02A66F98500F4F143 /* LogoView.swift */; };
		6BE557E32A67093500F4F143 /* PlayerModel.swift in Sources */ = {isa = PBXBuildFile; fileRef = 6BE557E22A67093500F4F143 /* PlayerModel.swift */; };
		6BE557E52A670AF400F4F143 /* CodableBundleExtension.swift in Sources */ = {isa = PBXBuildFile; fileRef = 6BE557E42A670AF400F4F143 /* CodableBundleExtension.swift */; };
		6BE557E72A670E3100F4F143 /* FeaturedItemView.swift in Sources */ = {isa = PBXBuildFile; fileRef = 6BE557E62A670E3100F4F143 /* FeaturedItemView.swift */; };
		6BE557E92A6710B100F4F143 /* FeaturedTabView.swift in Sources */ = {isa = PBXBuildFile; fileRef = 6BE557E82A6710B100F4F143 /* FeaturedTabView.swift */; };
/* End PBXBuildFile section */

/* Begin PBXFileReference section */
		6B094E192A6DA7ED00873E68 /* BrandModel.swift */ = {isa = PBXFileReference; lastKnownFileType = sourcecode.swift; path = BrandModel.swift; sourceTree = "<group>"; };
		6B094E1B2A6DA90500873E68 /* BrandItemView.swift */ = {isa = PBXFileReference; lastKnownFileType = sourcecode.swift; path = BrandItemView.swift; sourceTree = "<group>"; };
		6B5F83882A686A1500AC1368 /* TitleView.swift */ = {isa = PBXFileReference; lastKnownFileType = sourcecode.swift; path = TitleView.swift; sourceTree = "<group>"; };
		6B5F838A2A686F5900AC1368 /* ProductModel.swift */ = {isa = PBXFileReference; lastKnownFileType = sourcecode.swift; path = ProductModel.swift; sourceTree = "<group>"; };
		6B5F838C2A6870BF00AC1368 /* ProductItemView.swift */ = {isa = PBXFileReference; lastKnownFileType = sourcecode.swift; path = ProductItemView.swift; sourceTree = "<group>"; };
		6B8226962A68419A00AABB01 /* CategoryModel.swift */ = {isa = PBXFileReference; lastKnownFileType = sourcecode.swift; path = CategoryModel.swift; sourceTree = "<group>"; };
		6B8226982A68447600AABB01 /* CategoryItemView.swift */ = {isa = PBXFileReference; lastKnownFileType = sourcecode.swift; path = CategoryItemView.swift; sourceTree = "<group>"; };
		6B82269A2A68496A00AABB01 /* CategoryGridView.swift */ = {isa = PBXFileReference; lastKnownFileType = sourcecode.swift; path = CategoryGridView.swift; sourceTree = "<group>"; };
		6B82269C2A684FBB00AABB01 /* SectionView.swift */ = {isa = PBXFileReference; lastKnownFileType = sourcecode.swift; path = SectionView.swift; sourceTree = "<group>"; };
		6BE557B02A66E72C00F4F143 /* Touchdown.app */ = {isa = PBXFileReference; explicitFileType = wrapper.application; includeInIndex = 0; path = Touchdown.app; sourceTree = BUILT_PRODUCTS_DIR; };
		6BE557B32A66E72C00F4F143 /* TouchdownApp.swift */ = {isa = PBXFileReference; lastKnownFileType = sourcecode.swift; path = TouchdownApp.swift; sourceTree = "<group>"; };
		6BE557B52A66E72C00F4F143 /* ContentView.swift */ = {isa = PBXFileReference; lastKnownFileType = sourcecode.swift; path = ContentView.swift; sourceTree = "<group>"; };
		6BE557B72A66E72D00F4F143 /* Assets.xcassets */ = {isa = PBXFileReference; lastKnownFileType = folder.assetcatalog; path = Assets.xcassets; sourceTree = "<group>"; };
		6BE557BA2A66E72D00F4F143 /* Preview Assets.xcassets */ = {isa = PBXFileReference; lastKnownFileType = folder.assetcatalog; path = "Preview Assets.xcassets"; sourceTree = "<group>"; };
		6BE557C92A66E8C800F4F143 /* category.json */ = {isa = PBXFileReference; fileEncoding = 4; lastKnownFileType = text.json; path = category.json; sourceTree = "<group>"; };
		6BE557CA2A66E8C800F4F143 /* product.json */ = {isa = PBXFileReference; fileEncoding = 4; lastKnownFileType = text.json; path = product.json; sourceTree = "<group>"; };
		6BE557CB2A66E8C800F4F143 /* brand.json */ = {isa = PBXFileReference; fileEncoding = 4; lastKnownFileType = text.json; path = brand.json; sourceTree = "<group>"; };
		6BE557CC2A66E8C800F4F143 /* player.json */ = {isa = PBXFileReference; fileEncoding = 4; lastKnownFileType = text.json; path = player.json; sourceTree = "<group>"; };
		6BE557D22A66E9BE00F4F143 /* Info.plist */ = {isa = PBXFileReference; lastKnownFileType = text.plist; path = Info.plist; sourceTree = "<group>"; };
		6BE557DA2A66ED0200F4F143 /* Constant.swift */ = {isa = PBXFileReference; lastKnownFileType = sourcecode.swift; path = Constant.swift; sourceTree = "<group>"; };
		6BE557DC2A66EEE000F4F143 /* FooterView.swift */ = {isa = PBXFileReference; lastKnownFileType = sourcecode.swift; path = FooterView.swift; sourceTree = "<group>"; };
		6BE557DE2A66F6A100F4F143 /* NavigationBarView.swift */ = {isa = PBXFileReference; lastKnownFileType = sourcecode.swift; path = NavigationBarView.swift; sourceTree = "<group>"; };
		6BE557E02A66F98500F4F143 /* LogoView.swift */ = {isa = PBXFileReference; lastKnownFileType = sourcecode.swift; path = LogoView.swift; sourceTree = "<group>"; };
		6BE557E22A67093500F4F143 /* PlayerModel.swift */ = {isa = PBXFileReference; lastKnownFileType = sourcecode.swift; path = PlayerModel.swift; sourceTree = "<group>"; };
		6BE557E42A670AF400F4F143 /* CodableBundleExtension.swift */ = {isa = PBXFileReference; lastKnownFileType = sourcecode.swift; path = CodableBundleExtension.swift; sourceTree = "<group>"; };
		6BE557E62A670E3100F4F143 /* FeaturedItemView.swift */ = {isa = PBXFileReference; lastKnownFileType = sourcecode.swift; path = FeaturedItemView.swift; sourceTree = "<group>"; };
		6BE557E82A6710B100F4F143 /* FeaturedTabView.swift */ = {isa = PBXFileReference; lastKnownFileType = sourcecode.swift; path = FeaturedTabView.swift; sourceTree = "<group>"; };
/* End PBXFileReference section */

/* Begin PBXFrameworksBuildPhase section */
		6BE557AD2A66E72C00F4F143 /* Frameworks */ = {
			isa = PBXFrameworksBuildPhase;
			buildActionMask = 2147483647;
			files = (
			);
			runOnlyForDeploymentPostprocessing = 0;
		};
/* End PBXFrameworksBuildPhase section */

/* Begin PBXGroup section */
		6BE557A72A66E72C00F4F143 = {
			isa = PBXGroup;
			children = (
				6BE557B22A66E72C00F4F143 /* Touchdown */,
				6BE557B12A66E72C00F4F143 /* Products */,
			);
			sourceTree = "<group>";
		};
		6BE557B12A66E72C00F4F143 /* Products */ = {
			isa = PBXGroup;
			children = (
				6BE557B02A66E72C00F4F143 /* Touchdown.app */,
			);
			name = Products;
			sourceTree = "<group>";
		};
		6BE557B22A66E72C00F4F143 /* Touchdown */ = {
			isa = PBXGroup;
			children = (
				6BE557D32A66EAF300F4F143 /* App */,
				6BE557D92A66EBFF00F4F143 /* Utility */,
				6BE557D12A66E8EF00F4F143 /* Data */,
				6BE557D82A66EBE200F4F143 /* Extension */,
				6BE557D72A66EBCC00F4F143 /* Model */,
				6BE557D42A66EB7000F4F143 /* View */,
				6BE557D22A66E9BE00F4F143 /* Info.plist */,
				6BE557B72A66E72D00F4F143 /* Assets.xcassets */,
				6BE557B92A66E72D00F4F143 /* Preview Content */,
			);
			path = Touchdown;
			sourceTree = "<group>";
		};
		6BE557B92A66E72D00F4F143 /* Preview Content */ = {
			isa = PBXGroup;
			children = (
				6BE557BA2A66E72D00F4F143 /* Preview Assets.xcassets */,
			);
			path = "Preview Content";
			sourceTree = "<group>";
		};
		6BE557D12A66E8EF00F4F143 /* Data */ = {
			isa = PBXGroup;
			children = (
				6BE557CB2A66E8C800F4F143 /* brand.json */,
				6BE557C92A66E8C800F4F143 /* category.json */,
				6BE557CC2A66E8C800F4F143 /* player.json */,
				6BE557CA2A66E8C800F4F143 /* product.json */,
			);
			path = Data;
			sourceTree = "<group>";
		};
		6BE557D32A66EAF300F4F143 /* App */ = {
			isa = PBXGroup;
			children = (
				6BE557B32A66E72C00F4F143 /* TouchdownApp.swift */,
				6BE557B52A66E72C00F4F143 /* ContentView.swift */,
			);
			path = App;
			sourceTree = "<group>";
		};
		6BE557D42A66EB7000F4F143 /* View */ = {
			isa = PBXGroup;
			children = (
				6BE557D62A66EBB100F4F143 /* Detail */,
				6BE557D52A66EBA600F4F143 /* Home */,
			);
			path = View;
			sourceTree = "<group>";
		};
		6BE557D52A66EBA600F4F143 /* Home */ = {
			isa = PBXGroup;
			children = (
				6BE557DC2A66EEE000F4F143 /* FooterView.swift */,
				6BE557DE2A66F6A100F4F143 /* NavigationBarView.swift */,
				6BE557E02A66F98500F4F143 /* LogoView.swift */,
				6BE557E62A670E3100F4F143 /* FeaturedItemView.swift */,
				6BE557E82A6710B100F4F143 /* FeaturedTabView.swift */,
				6B8226982A68447600AABB01 /* CategoryItemView.swift */,
				6B82269A2A68496A00AABB01 /* CategoryGridView.swift */,
				6B82269C2A684FBB00AABB01 /* SectionView.swift */,
				6B5F83882A686A1500AC1368 /* TitleView.swift */,
				6B5F838C2A6870BF00AC1368 /* ProductItemView.swift */,
				6B094E1B2A6DA90500873E68 /* BrandItemView.swift */,
			);
			path = Home;
			sourceTree = "<group>";
		};
		6BE557D62A66EBB100F4F143 /* Detail */ = {
			isa = PBXGroup;
			children = (
			);
			path = Detail;
			sourceTree = "<group>";
		};
		6BE557D72A66EBCC00F4F143 /* Model */ = {
			isa = PBXGroup;
			children = (
				6BE557E22A67093500F4F143 /* PlayerModel.swift */,
				6B8226962A68419A00AABB01 /* CategoryModel.swift */,
				6B5F838A2A686F5900AC1368 /* ProductModel.swift */,
				6B094E192A6DA7ED00873E68 /* BrandModel.swift */,
			);
			path = Model;
			sourceTree = "<group>";
		};
		6BE557D82A66EBE200F4F143 /* Extension */ = {
			isa = PBXGroup;
			children = (
				6BE557E42A670AF400F4F143 /* CodableBundleExtension.swift */,
			);
			path = Extension;
			sourceTree = "<group>";
		};
		6BE557D92A66EBFF00F4F143 /* Utility */ = {
			isa = PBXGroup;
			children = (
				6BE557DA2A66ED0200F4F143 /* Constant.swift */,
			);
			path = Utility;
			sourceTree = "<group>";
		};
/* End PBXGroup section */

/* Begin PBXNativeTarget section */
		6BE557AF2A66E72C00F4F143 /* Touchdown */ = {
			isa = PBXNativeTarget;
			buildConfigurationList = 6BE557BE2A66E72D00F4F143 /* Build configuration list for PBXNativeTarget "Touchdown" */;
			buildPhases = (
				6BE557AC2A66E72C00F4F143 /* Sources */,
				6BE557AD2A66E72C00F4F143 /* Frameworks */,
				6BE557AE2A66E72C00F4F143 /* Resources */,
			);
			buildRules = (
			);
			dependencies = (
			);
			name = Touchdown;
			productName = Touchdown;
			productReference = 6BE557B02A66E72C00F4F143 /* Touchdown.app */;
			productType = "com.apple.product-type.application";
		};
/* End PBXNativeTarget section */

/* Begin PBXProject section */
		6BE557A82A66E72C00F4F143 /* Project object */ = {
			isa = PBXProject;
			attributes = {
				BuildIndependentTargetsInParallel = 1;
				LastSwiftUpdateCheck = 1430;
				LastUpgradeCheck = 1430;
				TargetAttributes = {
					6BE557AF2A66E72C00F4F143 = {
						CreatedOnToolsVersion = 14.3.1;
					};
				};
			};
			buildConfigurationList = 6BE557AB2A66E72C00F4F143 /* Build configuration list for PBXProject "Touchdown" */;
			compatibilityVersion = "Xcode 14.0";
			developmentRegion = en;
			hasScannedForEncodings = 0;
			knownRegions = (
				en,
				Base,
			);
			mainGroup = 6BE557A72A66E72C00F4F143;
			productRefGroup = 6BE557B12A66E72C00F4F143 /* Products */;
			projectDirPath = "";
			projectRoot = "";
			targets = (
				6BE557AF2A66E72C00F4F143 /* Touchdown */,
			);
		};
/* End PBXProject section */

/* Begin PBXResourcesBuildPhase section */
		6BE557AE2A66E72C00F4F143 /* Resources */ = {
			isa = PBXResourcesBuildPhase;
			buildActionMask = 2147483647;
			files = (
				6BE557D02A66E8C800F4F143 /* player.json in Resources */,
				6BE557CD2A66E8C800F4F143 /* category.json in Resources */,
				6BE557CF2A66E8C800F4F143 /* brand.json in Resources */,
				6BE557CE2A66E8C800F4F143 /* product.json in Resources */,
				6BE557BB2A66E72D00F4F143 /* Preview Assets.xcassets in Resources */,
				6BE557B82A66E72D00F4F143 /* Assets.xcassets in Resources */,
			);
			runOnlyForDeploymentPostprocessing = 0;
		};
/* End PBXResourcesBuildPhase section */

/* Begin PBXSourcesBuildPhase section */
		6BE557AC2A66E72C00F4F143 /* Sources */ = {
			isa = PBXSourcesBuildPhase;
			buildActionMask = 2147483647;
			files = (
				6BE557E52A670AF400F4F143 /* CodableBundleExtension.swift in Sources */,
				6BE557B62A66E72C00F4F143 /* ContentView.swift in Sources */,
				6BE557E12A66F98500F4F143 /* LogoView.swift in Sources */,
				6B5F83892A686A1500AC1368 /* TitleView.swift in Sources */,
				6B5F838D2A6870BF00AC1368 /* ProductItemView.swift in Sources */,
				6BE557DD2A66EEE000F4F143 /* FooterView.swift in Sources */,
				6BE557E72A670E3100F4F143 /* FeaturedItemView.swift in Sources */,
				6BE557B42A66E72C00F4F143 /* TouchdownApp.swift in Sources */,
				6BE557DB2A66ED0200F4F143 /* Constant.swift in Sources */,
				6B82269B2A68496A00AABB01 /* CategoryGridView.swift in Sources */,
				6B8226972A68419A00AABB01 /* CategoryModel.swift in Sources */,
				6BE557DF2A66F6A100F4F143 /* NavigationBarView.swift in Sources */,
				6B094E1C2A6DA90500873E68 /* BrandItemView.swift in Sources */,
				6B82269D2A684FBB00AABB01 /* SectionView.swift in Sources */,
				6B8226992A68447600AABB01 /* CategoryItemView.swift in Sources */,
				6BE557E92A6710B100F4F143 /* FeaturedTabView.swift in Sources */,
				6B094E1A2A6DA7ED00873E68 /* BrandModel.swift in Sources */,
				6BE557E32A67093500F4F143 /* PlayerModel.swift in Sources */,
				6B5F838B2A686F5A00AC1368 /* ProductModel.swift in Sources */,
			);
			runOnlyForDeploymentPostprocessing = 0;
		};
/* End PBXSourcesBuildPhase section */

/* Begin XCBuildConfiguration section */
		6BE557BC2A66E72D00F4F143 /* Debug */ = {
			isa = XCBuildConfiguration;
			buildSettings = {
				ALWAYS_SEARCH_USER_PATHS = NO;
				CLANG_ANALYZER_NONNULL = YES;
				CLANG_ANALYZER_NUMBER_OBJECT_CONVERSION = YES_AGGRESSIVE;
				CLANG_CXX_LANGUAGE_STANDARD = "gnu++20";
				CLANG_ENABLE_MODULES = YES;
				CLANG_ENABLE_OBJC_ARC = YES;
				CLANG_ENABLE_OBJC_WEAK = YES;
				CLANG_WARN_BLOCK_CAPTURE_AUTORELEASING = YES;
				CLANG_WARN_BOOL_CONVERSION = YES;
				CLANG_WARN_COMMA = YES;
				CLANG_WARN_CONSTANT_CONVERSION = YES;
				CLANG_WARN_DEPRECATED_OBJC_IMPLEMENTATIONS = YES;
				CLANG_WARN_DIRECT_OBJC_ISA_USAGE = YES_ERROR;
				CLANG_WARN_DOCUMENTATION_COMMENTS = YES;
				CLANG_WARN_EMPTY_BODY = YES;
				CLANG_WARN_ENUM_CONVERSION = YES;
				CLANG_WARN_INFINITE_RECURSION = YES;
				CLANG_WARN_INT_CONVERSION = YES;
				CLANG_WARN_NON_LITERAL_NULL_CONVERSION = YES;
				CLANG_WARN_OBJC_IMPLICIT_RETAIN_SELF = YES;
				CLANG_WARN_OBJC_LITERAL_CONVERSION = YES;
				CLANG_WARN_OBJC_ROOT_CLASS = YES_ERROR;
				CLANG_WARN_QUOTED_INCLUDE_IN_FRAMEWORK_HEADER = YES;
				CLANG_WARN_RANGE_LOOP_ANALYSIS = YES;
				CLANG_WARN_STRICT_PROTOTYPES = YES;
				CLANG_WARN_SUSPICIOUS_MOVE = YES;
				CLANG_WARN_UNGUARDED_AVAILABILITY = YES_AGGRESSIVE;
				CLANG_WARN_UNREACHABLE_CODE = YES;
				CLANG_WARN__DUPLICATE_METHOD_MATCH = YES;
				COPY_PHASE_STRIP = NO;
				DEBUG_INFORMATION_FORMAT = dwarf;
				ENABLE_STRICT_OBJC_MSGSEND = YES;
				ENABLE_TESTABILITY = YES;
				GCC_C_LANGUAGE_STANDARD = gnu11;
				GCC_DYNAMIC_NO_PIC = NO;
				GCC_NO_COMMON_BLOCKS = YES;
				GCC_OPTIMIZATION_LEVEL = 0;
				GCC_PREPROCESSOR_DEFINITIONS = (
					"DEBUG=1",
					"$(inherited)",
				);
				GCC_WARN_64_TO_32_BIT_CONVERSION = YES;
				GCC_WARN_ABOUT_RETURN_TYPE = YES_ERROR;
				GCC_WARN_UNDECLARED_SELECTOR = YES;
				GCC_WARN_UNINITIALIZED_AUTOS = YES_AGGRESSIVE;
				GCC_WARN_UNUSED_FUNCTION = YES;
				GCC_WARN_UNUSED_VARIABLE = YES;
				IPHONEOS_DEPLOYMENT_TARGET = 16.4;
				MTL_ENABLE_DEBUG_INFO = INCLUDE_SOURCE;
				MTL_FAST_MATH = YES;
				ONLY_ACTIVE_ARCH = YES;
				SDKROOT = iphoneos;
				SWIFT_ACTIVE_COMPILATION_CONDITIONS = DEBUG;
				SWIFT_OPTIMIZATION_LEVEL = "-Onone";
			};
			name = Debug;
		};
		6BE557BD2A66E72D00F4F143 /* Release */ = {
			isa = XCBuildConfiguration;
			buildSettings = {
				ALWAYS_SEARCH_USER_PATHS = NO;
				CLANG_ANALYZER_NONNULL = YES;
				CLANG_ANALYZER_NUMBER_OBJECT_CONVERSION = YES_AGGRESSIVE;
				CLANG_CXX_LANGUAGE_STANDARD = "gnu++20";
				CLANG_ENABLE_MODULES = YES;
				CLANG_ENABLE_OBJC_ARC = YES;
				CLANG_ENABLE_OBJC_WEAK = YES;
				CLANG_WARN_BLOCK_CAPTURE_AUTORELEASING = YES;
				CLANG_WARN_BOOL_CONVERSION = YES;
				CLANG_WARN_COMMA = YES;
				CLANG_WARN_CONSTANT_CONVERSION = YES;
				CLANG_WARN_DEPRECATED_OBJC_IMPLEMENTATIONS = YES;
				CLANG_WARN_DIRECT_OBJC_ISA_USAGE = YES_ERROR;
				CLANG_WARN_DOCUMENTATION_COMMENTS = YES;
				CLANG_WARN_EMPTY_BODY = YES;
				CLANG_WARN_ENUM_CONVERSION = YES;
				CLANG_WARN_INFINITE_RECURSION = YES;
				CLANG_WARN_INT_CONVERSION = YES;
				CLANG_WARN_NON_LITERAL_NULL_CONVERSION = YES;
				CLANG_WARN_OBJC_IMPLICIT_RETAIN_SELF = YES;
				CLANG_WARN_OBJC_LITERAL_CONVERSION = YES;
				CLANG_WARN_OBJC_ROOT_CLASS = YES_ERROR;
				CLANG_WARN_QUOTED_INCLUDE_IN_FRAMEWORK_HEADER = YES;
				CLANG_WARN_RANGE_LOOP_ANALYSIS = YES;
				CLANG_WARN_STRICT_PROTOTYPES = YES;
				CLANG_WARN_SUSPICIOUS_MOVE = YES;
				CLANG_WARN_UNGUARDED_AVAILABILITY = YES_AGGRESSIVE;
				CLANG_WARN_UNREACHABLE_CODE = YES;
				CLANG_WARN__DUPLICATE_METHOD_MATCH = YES;
				COPY_PHASE_STRIP = NO;
				DEBUG_INFORMATION_FORMAT = "dwarf-with-dsym";
				ENABLE_NS_ASSERTIONS = NO;
				ENABLE_STRICT_OBJC_MSGSEND = YES;
				GCC_C_LANGUAGE_STANDARD = gnu11;
				GCC_NO_COMMON_BLOCKS = YES;
				GCC_WARN_64_TO_32_BIT_CONVERSION = YES;
				GCC_WARN_ABOUT_RETURN_TYPE = YES_ERROR;
				GCC_WARN_UNDECLARED_SELECTOR = YES;
				GCC_WARN_UNINITIALIZED_AUTOS = YES_AGGRESSIVE;
				GCC_WARN_UNUSED_FUNCTION = YES;
				GCC_WARN_UNUSED_VARIABLE = YES;
				IPHONEOS_DEPLOYMENT_TARGET = 16.4;
				MTL_ENABLE_DEBUG_INFO = NO;
				MTL_FAST_MATH = YES;
				SDKROOT = iphoneos;
				SWIFT_COMPILATION_MODE = wholemodule;
				SWIFT_OPTIMIZATION_LEVEL = "-O";
				VALIDATE_PRODUCT = YES;
			};
			name = Release;
		};
		6BE557BF2A66E72D00F4F143 /* Debug */ = {
			isa = XCBuildConfiguration;
			buildSettings = {
				ASSETCATALOG_COMPILER_APPICON_NAME = AppIcon;
				ASSETCATALOG_COMPILER_GLOBAL_ACCENT_COLOR_NAME = AccentColor;
				CODE_SIGN_STYLE = Automatic;
				CURRENT_PROJECT_VERSION = 1;
				DEVELOPMENT_ASSET_PATHS = "\"Touchdown/Preview Content\"";
				ENABLE_PREVIEWS = YES;
				GENERATE_INFOPLIST_FILE = YES;
				INFOPLIST_FILE = Touchdown/Info.plist;
				INFOPLIST_KEY_LSApplicationCategoryType = "";
				INFOPLIST_KEY_UIApplicationSceneManifest_Generation = YES;
				INFOPLIST_KEY_UIApplicationSupportsIndirectInputEvents = YES;
				INFOPLIST_KEY_UISupportedInterfaceOrientations = UIInterfaceOrientationPortrait;
				INFOPLIST_KEY_UIUserInterfaceStyle = Light;
				LD_RUNPATH_SEARCH_PATHS = (
					"$(inherited)",
					"@executable_path/Frameworks",
				);
				MARKETING_VERSION = 1.0;
				PRODUCT_BUNDLE_IDENTIFIER = comsajakkrystynatouchdown.Touchdown;
				PRODUCT_NAME = "$(TARGET_NAME)";
				SWIFT_EMIT_LOC_STRINGS = YES;
				SWIFT_VERSION = 5.0;
				TARGETED_DEVICE_FAMILY = "1,2";
			};
			name = Debug;
		};
		6BE557C02A66E72D00F4F143 /* Release */ = {
			isa = XCBuildConfiguration;
			buildSettings = {
				ASSETCATALOG_COMPILER_APPICON_NAME = AppIcon;
				ASSETCATALOG_COMPILER_GLOBAL_ACCENT_COLOR_NAME = AccentColor;
				CODE_SIGN_STYLE = Automatic;
				CURRENT_PROJECT_VERSION = 1;
				DEVELOPMENT_ASSET_PATHS = "\"Touchdown/Preview Content\"";
				ENABLE_PREVIEWS = YES;
				GENERATE_INFOPLIST_FILE = YES;
				INFOPLIST_FILE = Touchdown/Info.plist;
				INFOPLIST_KEY_LSApplicationCategoryType = "";
				INFOPLIST_KEY_UIApplicationSceneManifest_Generation = YES;
				INFOPLIST_KEY_UIApplicationSupportsIndirectInputEvents = YES;
				INFOPLIST_KEY_UISupportedInterfaceOrientations = UIInterfaceOrientationPortrait;
				INFOPLIST_KEY_UIUserInterfaceStyle = Light;
				LD_RUNPATH_SEARCH_PATHS = (
					"$(inherited)",
					"@executable_path/Frameworks",
				);
				MARKETING_VERSION = 1.0;
				PRODUCT_BUNDLE_IDENTIFIER = comsajakkrystynatouchdown.Touchdown;
				PRODUCT_NAME = "$(TARGET_NAME)";
				SWIFT_EMIT_LOC_STRINGS = YES;
				SWIFT_VERSION = 5.0;
				TARGETED_DEVICE_FAMILY = "1,2";
			};
			name = Release;
		};
/* End XCBuildConfiguration section */

/* Begin XCConfigurationList section */
		6BE557AB2A66E72C00F4F143 /* Build configuration list for PBXProject "Touchdown" */ = {
			isa = XCConfigurationList;
			buildConfigurations = (
				6BE557BC2A66E72D00F4F143 /* Debug */,
				6BE557BD2A66E72D00F4F143 /* Release */,
			);
			defaultConfigurationIsVisible = 0;
			defaultConfigurationName = Release;
		};
		6BE557BE2A66E72D00F4F143 /* Build configuration list for PBXNativeTarget "Touchdown" */ = {
			isa = XCConfigurationList;
			buildConfigurations = (
				6BE557BF2A66E72D00F4F143 /* Debug */,
				6BE557C02A66E72D00F4F143 /* Release */,
			);
			defaultConfigurationIsVisible = 0;
			defaultConfigurationName = Release;
		};
/* End XCConfigurationList section */
	};
	rootObject = 6BE557A82A66E72C00F4F143 /* Project object */;
}
